{
  "name": "picidae-transformer-toc",
  "version": "1.0.0",
  "lockfileVersion": 1,
  "requires": true,
  "dependencies": {
    "emoji-regex": {
      "version": "6.1.1",
      "resolved": "https://registry.npmjs.org/emoji-regex/-/emoji-regex-6.1.1.tgz",
      "integrity": "sha1-xs0OwbBkLio8Z6ETfvxeeW2k+I4="
    },
    "github-slugger": {
      "version": "1.2.0",
      "resolved": "https://registry.npmjs.org/github-slugger/-/github-slugger-1.2.0.tgz",
      "integrity": "sha512-wIaa75k1vZhyPm9yWrD08A5Xnx/V+RmzGrpjQuLemGKSb77Qukiaei58Bogrl/LZSADDfPzKJX8jhLs4CRTl7Q==",
      "requires": {
        "emoji-regex": "6.1.1"
      }
    },
    "html-escape": {
      "version": "2.0.0",
      "resolved": "https://registry.npmjs.org/html-escape/-/html-escape-2.0.0.tgz",
      "integrity": "sha1-YMjd1GXt8MrgKvnpn99fiDsJvkk="
    },
    "mdast-util-to-string": {
      "version": "1.0.4",
      "resolved": "https://registry.npmjs.org/mdast-util-to-string/-/mdast-util-to-string-1.0.4.tgz",
      "integrity": "sha1-XEVch4yTVfDB5/PotxnPWDaRrPs="
    },
    "mdast-util-toc": {
      "version": "2.0.1",
      "resolved": "https://registry.npmjs.org/mdast-util-toc/-/mdast-util-toc-2.0.1.tgz",
      "integrity": "sha1-sdLLI7+wH4Evp7Vb/+iwqL7fbyE=",
      "requires": {
        "github-slugger": "1.2.0",
        "mdast-util-to-string": "1.0.4",
        "unist-util-visit": "1.3.0"
      }
    },
    "remark-slug": {
      "version": "5.0.0",
      "resolved": "https://registry.npmjs.org/remark-slug/-/remark-slug-5.0.0.tgz",
      "integrity": "sha512-bRFK90ia6iooqC5KH6e9nEIL3OwRbTPU6ed2fm/fa66uofKdmRcsmRVMwND3pXLbvH2F022cETYlE7YlVs7LNQ==",
      "requires": {
        "github-slugger": "1.2.0",
        "mdast-util-to-string": "1.0.4",
        "unist-util-visit": "1.3.0"
      }
    },
    "unist-util-is": {
      "version": "2.1.1",
      "resolved": "https://registry.npmjs.org/unist-util-is/-/unist-util-is-2.1.1.tgz",
      "integrity": "sha1-DDEmKeP5YMZukx6BLT2A53AQlHs="
    },
    "unist-util-visit": {
      "version": "1.3.0",
      "resolved": "https://registry.npmjs.org/unist-util-visit/-/unist-util-visit-1.3.0.tgz",
      "integrity": "sha512-9ntYcxPFtl44gnwXrQKZ5bMqXMY0ZHzUpqMFiU4zcc8mmf/jzYm8GhYgezuUlX4cJIM1zIDYaO6fG/fI+L6iiQ==",
      "requires": {
        "unist-util-is": "2.1.1"
      }
    }
  }
}
